
Microsoft Visual Studio Solution File, Format Version 12.00
# Visual Studio Version 16
VisualStudioVersion = 16.0.32802.440
MinimumVisualStudioVersion = 10.0.40219.1
Project("{9A19103F-16F7-4668-BE54-9A1E7A4F7556}") = "FitnessAppEnterprise", "FitnessAppEnterprise\FitnessAppEnterprise.csproj", "{1B7421EE-4330-4295-8673-0489F4FDEEDE}"
EndProject
Project("{9A19103F-16F7-4668-BE54-9A1E7A4F7556}") = "AuthenticationService", "AuthenticationService\AuthenticationService.csproj", "{46F0290B-1689-40C7-BC95-39FEB65D5EC1}"
EndProject
Project("{9A19103F-16F7-4668-BE54-9A1E7A4F7556}") = "WorkoutService", "WorkoutService\WorkoutService.csproj", "{C95B4C8B-5596-4379-A3EA-EF57157DAB76}"
EndProject
Project("{9A19103F-16F7-4668-BE54-9A1E7A4F7556}") = "FitnessAPIGateway", "FitnessAPIGateway\FitnessAPIGateway.csproj", "{E18F19A9-C351-45B1-A077-EDCCD0741A48}"
EndProject
Project("{FAE04EC0-301F-11D3-BF4B-00C04F79EFBC}") = "PredictionsService", "PredictionsService\PredictionsService.csproj", "{7690B3DA-998D-44D0-BAF9-14DACC2A19C3}"
EndProject
Global
	GlobalSection(SolutionConfigurationPlatforms) = preSolution
		Debug|Any CPU = Debug|Any CPU
		Release|Any CPU = Release|Any CPU
	EndGlobalSection
	GlobalSection(ProjectConfigurationPlatforms) = postSolution
		{1B7421EE-4330-4295-8673-0489F4FDEEDE}.Debug|Any CPU.ActiveCfg = Debug|Any CPU
		{1B7421EE-4330-4295-8673-0489F4FDEEDE}.Debug|Any CPU.Build.0 = Debug|Any CPU
		{1B7421EE-4330-4295-8673-0489F4FDEEDE}.Release|Any CPU.ActiveCfg = Release|Any CPU
		{1B7421EE-4330-4295-8673-0489F4FDEEDE}.Release|Any CPU.Build.0 = Release|Any CPU
		{46F0290B-1689-40C7-BC95-39FEB65D5EC1}.Debug|Any CPU.ActiveCfg = Debug|Any CPU
		{46F0290B-1689-40C7-BC95-39FEB65D5EC1}.Debug|Any CPU.Build.0 = Debug|Any CPU
		{46F0290B-1689-40C7-BC95-39FEB65D5EC1}.Release|Any CPU.ActiveCfg = Release|Any CPU
		{46F0290B-1689-40C7-BC95-39FEB65D5EC1}.Release|Any CPU.Build.0 = Release|Any CPU
		{C95B4C8B-5596-4379-A3EA-EF57157DAB76}.Debug|Any CPU.ActiveCfg = Debug|Any CPU
		{C95B4C8B-5596-4379-A3EA-EF57157DAB76}.Debug|Any CPU.Build.0 = Debug|Any CPU
		{C95B4C8B-5596-4379-A3EA-EF57157DAB76}.Release|Any CPU.ActiveCfg = Release|Any CPU
		{C95B4C8B-5596-4379-A3EA-EF57157DAB76}.Release|Any CPU.Build.0 = Release|Any CPU
		{E18F19A9-C351-45B1-A077-EDCCD0741A48}.Debug|Any CPU.ActiveCfg = Debug|Any CPU
		{E18F19A9-C351-45B1-A077-EDCCD0741A48}.Debug|Any CPU.Build.0 = Debug|Any CPU
		{E18F19A9-C351-45B1-A077-EDCCD0741A48}.Release|Any CPU.ActiveCfg = Release|Any CPU
		{E18F19A9-C351-45B1-A077-EDCCD0741A48}.Release|Any CPU.Build.0 = Release|Any CPU
		{7690B3DA-998D-44D0-BAF9-14DACC2A19C3}.Debug|Any CPU.ActiveCfg = Debug|Any CPU
		{7690B3DA-998D-44D0-BAF9-14DACC2A19C3}.Debug|Any CPU.Build.0 = Debug|Any CPU
		{7690B3DA-998D-44D0-BAF9-14DACC2A19C3}.Release|Any CPU.ActiveCfg = Release|Any CPU
		{7690B3DA-998D-44D0-BAF9-14DACC2A19C3}.Release|Any CPU.Build.0 = Release|Any CPU
	EndGlobalSection
	GlobalSection(SolutionProperties) = preSolution
		HideSolutionNode = FALSE
	EndGlobalSection
	GlobalSection(ExtensibilityGlobals) = postSolution
		SolutionGuid = {E6A56AE8-935D-4FD5-B366-6E20DE914FAA}
	EndGlobalSection
EndGlobal
